
Microsoft Visual Studio Solution File, Format Version 12.00
# Visual Studio 15
VisualStudioVersion = 15.0.27428.2015
MinimumVisualStudioVersion = 10.0.40219.1
Project("{FAE04EC0-301F-11D3-BF4B-00C04F79EFBC}") = "MultipleConnections", "WaferProject\MultipleConnections.csproj", "{B050F89C-2C10-4920-8333-643394C80F5F}"
EndProject
Global
	GlobalSection(SolutionConfigurationPlatforms) = preSolution
		Debug|x64 = Debug|x64
		Debug|x86 = Debug|x86
		Release|x64 = Release|x64
		Release|x86 = Release|x86
	EndGlobalSection
	GlobalSection(ProjectConfigurationPlatforms) = postSolution
		{B050F89C-2C10-4920-8333-643394C80F5F}.Debug|x64.ActiveCfg = Debug|x86
		{B050F89C-2C10-4920-8333-643394C80F5F}.Debug|x64.Build.0 = Debug|x86
		{B050F89C-2C10-4920-8333-643394C80F5F}.Debug|x86.ActiveCfg = Debug|x86
		{B050F89C-2C10-4920-8333-643394C80F5F}.Debug|x86.Build.0 = Debug|x86
		{B050F89C-2C10-4920-8333-643394C80F5F}.Release|x64.ActiveCfg = Release|x64
		{B050F89C-2C10-4920-8333-643394C80F5F}.Release|x64.Build.0 = Release|x64
		{B050F89C-2C10-4920-8333-643394C80F5F}.Release|x86.ActiveCfg = Release|x86
		{B050F89C-2C10-4920-8333-643394C80F5F}.Release|x86.Build.0 = Release|x86
	EndGlobalSection
	GlobalSection(SolutionProperties) = preSolution
		HideSolutionNode = FALSE
	EndGlobalSection
	GlobalSection(ExtensibilityGlobals) = postSolution
		SolutionGuid = {24224D11-8439-4839-9599-CB90360CA496}
	EndGlobalSection
EndGlobal
